
Microsoft Visual Studio Solution File, Format Version 12.00
#
Project("{FAE04EC0-301F-11D3-BF4B-00C04F79EFBC}") = "WoowzEngine", "WoowzEngine.csproj", "{D73EBE0E-4618-4699-BD1E-D1BE9702EE3A}"
EndProject
Project("{FAE04EC0-301F-11D3-BF4B-00C04F79EFBC}") = "WoowzEngineEditor", "..\WoowzEngineEditor\WoowzEngineEditor.csproj", "{ED5481C5-1311-433B-B0B2-4E3A5C98695E}"
EndProject
Global
	GlobalSection(SolutionConfigurationPlatforms) = preSolution
		Debug|Any CPU = Debug|Any CPU
		Release|Any CPU = Release|Any CPU
	EndGlobalSection
	GlobalSection(ProjectConfigurationPlatforms) = postSolution
		{D73EBE0E-4618-4699-BD1E-D1BE9702EE3A}.Debug|Any CPU.ActiveCfg = Debug|Any CPU
		{D73EBE0E-4618-4699-BD1E-D1BE9702EE3A}.Debug|Any CPU.Build.0 = Debug|Any CPU
		{D73EBE0E-4618-4699-BD1E-D1BE9702EE3A}.Release|Any CPU.ActiveCfg = Release|Any CPU
		{D73EBE0E-4618-4699-BD1E-D1BE9702EE3A}.Release|Any CPU.Build.0 = Release|Any CPU
		{ED5481C5-1311-433B-B0B2-4E3A5C98695E}.Release|Any CPU.ActiveCfg = Release|Any CPU
		{ED5481C5-1311-433B-B0B2-4E3A5C98695E}.Release|Any CPU.Build.0 = Release|Any CPU
		{ED5481C5-1311-433B-B0B2-4E3A5C98695E}.Debug|Any CPU.ActiveCfg = Debug|Any CPU
		{ED5481C5-1311-433B-B0B2-4E3A5C98695E}.Debug|Any CPU.Build.0 = Debug|Any CPU
	EndGlobalSection
EndGlobal
